
Microsoft Visual Studio Solution File, Format Version 12.00
# Visual Studio Version 16
VisualStudioVersion = 16.0.30503.244
MinimumVisualStudioVersion = 10.0.40219.1
Project("{FAE04EC0-301F-11D3-BF4B-00C04F79EFBC}") = "BlazorStart", "BlazorStart\BlazorStart.csproj", "{4CEF123F-4CC0-44CB-99CC-EE5867BFBAD3}"
EndProject
Global
	GlobalSection(SolutionConfigurationPlatforms) = preSolution
		Debug|Any CPU = Debug|Any CPU
		Release|Any CPU = Release|Any CPU
	EndGlobalSection
	GlobalSection(ProjectConfigurationPlatforms) = postSolution
		{4CEF123F-4CC0-44CB-99CC-EE5867BFBAD3}.Debug|Any CPU.ActiveCfg = Debug|Any CPU
		{4CEF123F-4CC0-44CB-99CC-EE5867BFBAD3}.Debug|Any CPU.Build.0 = Debug|Any CPU
		{4CEF123F-4CC0-44CB-99CC-EE5867BFBAD3}.Release|Any CPU.ActiveCfg = Release|Any CPU
		{4CEF123F-4CC0-44CB-99CC-EE5867BFBAD3}.Release|Any CPU.Build.0 = Release|Any CPU
	EndGlobalSection
	GlobalSection(SolutionProperties) = preSolution
		HideSolutionNode = FALSE
	EndGlobalSection
	GlobalSection(ExtensibilityGlobals) = postSolution
		SolutionGuid = {29FBC38F-2BB0-4945-84BD-A02383FF9E79}
	EndGlobalSection
EndGlobal
